{
  "name": "kakao_auto_kick_bot",
  "version": "1.0.0",
  "lockfileVersion": 1,
  "requires": true,
  "dependencies": {
    "asynckit": {
      "version": "0.4.0",
      "resolved": "https://registry.npmjs.org/asynckit/-/asynckit-0.4.0.tgz",
      "integrity": "sha1-x57Zf380y48robyXkLzDZkdLS3k="
    },
    "axios": {
      "version": "0.21.1",
      "resolved": "https://registry.npmjs.org/axios/-/axios-0.21.1.tgz",
      "integrity": "sha512-dKQiRHxGD9PPRIUNIWvZhPTPpl1rf/OxTYKsqKUDjBwYylTvV7SjSHJb9ratfyzM6wCdLCOYLzs73qpg5c4iGA==",
      "requires": {
        "follow-redirects": "^1.10.0"
      }
    },
    "base64-js": {
      "version": "1.5.1",
      "resolved": "https://registry.npmjs.org/base64-js/-/base64-js-1.5.1.tgz",
      "integrity": "sha512-AKpaYlHn8t4SVbOHCy+b5+KKgvR4vrsD8vbvrbiQJps7fKDTkjkDry6ji0rUJjC0kzbNePLwzxq8iypo41qeWA=="
    },
    "bson": {
      "version": "4.3.0",
      "resolved": "https://registry.npmjs.org/bson/-/bson-4.3.0.tgz",
      "integrity": "sha512-LkKKeFJx5D6RRCRvLE+fDs40M2ZQNuk7W7tFXmKd7OOcQQ+BHdzCgRdL4XEGjc1UEGtiYuMvIVk91Bv8qsI50A==",
      "requires": {
        "buffer": "^5.6.0"
      }
    },
    "buffer": {
      "version": "5.7.1",
      "resolved": "https://registry.npmjs.org/buffer/-/buffer-5.7.1.tgz",
      "integrity": "sha512-EHcyIPBQ4BSGlvjB16k5KgAJ27CIsHY/2JBmCRReo48y9rQ3MaUzWX3KVlBa4U7MyX02HdVj0K7C3WaB3ju7FQ==",
      "requires": {
        "base64-js": "^1.3.1",
        "ieee754": "^1.1.13"
      }
    },
    "combined-stream": {
      "version": "1.0.8",
      "resolved": "https://registry.npmjs.org/combined-stream/-/combined-stream-1.0.8.tgz",
      "integrity": "sha512-FQN4MRfuJeHf7cBbBMJFXhKSDq+2kAArBlmRBvcvFE5BB1HZKXtSFASDhdlz9zOYwxh8lDdnvmMOe/+5cdoEdg==",
      "requires": {
        "delayed-stream": "~1.0.0"
      }
    },
    "core-js": {
      "version": "3.11.1",
      "resolved": "https://registry.npmjs.org/core-js/-/core-js-3.11.1.tgz",
      "integrity": "sha512-k93Isqg7e4txZWMGNYwevZL9MiogLk8pd1PtwrmFmi8IBq4GXqUaVW/a33Llt6amSI36uSjd0GWwc9pTT9ALlQ=="
    },
    "delayed-stream": {
      "version": "1.0.0",
      "resolved": "https://registry.npmjs.org/delayed-stream/-/delayed-stream-1.0.0.tgz",
      "integrity": "sha1-3zrhmayt+31ECqrgsp4icrJOxhk="
    },
    "eventemitter3": {
      "version": "4.0.7",
      "resolved": "https://registry.npmjs.org/eventemitter3/-/eventemitter3-4.0.7.tgz",
      "integrity": "sha512-8guHBZCwKnFhYdHr2ysuRWErTwhoN2X8XELRlrRwpmfeY2jjuUN4taQMsULKUVo1K4DvZl+0pgfyoysHxvmvEw=="
    },
    "follow-redirects": {
      "version": "1.14.0",
      "resolved": "https://registry.npmjs.org/follow-redirects/-/follow-redirects-1.14.0.tgz",
      "integrity": "sha512-0vRwd7RKQBTt+mgu87mtYeofLFZpTas2S9zY+jIeuLJMNvudIgF52nr19q40HOwH5RrhWIPuj9puybzSJiRrVg=="
    },
    "form-data": {
      "version": "4.0.0",
      "resolved": "https://registry.npmjs.org/form-data/-/form-data-4.0.0.tgz",
      "integrity": "sha512-ETEklSGi5t0QMZuiXoA/Q6vcnxcLQP5vdugSpuAyi6SVGi2clPPp+xgEhuMaHC+zGgn31Kd235W35f7Hykkaww==",
      "requires": {
        "asynckit": "^0.4.0",
        "combined-stream": "^1.0.8",
        "mime-types": "^2.1.12"
      }
    },
    "hash-wasm": {
      "version": "4.6.0",
      "resolved": "https://registry.npmjs.org/hash-wasm/-/hash-wasm-4.6.0.tgz",
      "integrity": "sha512-Wi96tJDftxUQciCUi2Vs/Nw8al3psRATe/FhyezrajJKCXKRHvpiFARTZuUgdlGB7825LiN+FluH7SFoGdiGRA=="
    },
    "ieee754": {
      "version": "1.2.1",
      "resolved": "https://registry.npmjs.org/ieee754/-/ieee754-1.2.1.tgz",
      "integrity": "sha512-dcyqhDvX1C46lXZcVqCpK+FtMRQVdIMN6/Df5js2zouUsqG7I6sFxitIC+7KYK29KdXOLHdu9zL4sFnoVQnqaA=="
    },
    "lossless-json": {
      "version": "1.0.4",
      "resolved": "https://registry.npmjs.org/lossless-json/-/lossless-json-1.0.4.tgz",
      "integrity": "sha512-zEkWwELMSQQISdtOF44vk0bRJhN/PJ93qcgJLcodizQjxrJKdFrq2H1+Xv5QDe7v3dTYYbBI5hOsh4a9l0B2Ow=="
    },
    "mime-db": {
      "version": "1.47.0",
      "resolved": "https://registry.npmjs.org/mime-db/-/mime-db-1.47.0.tgz",
      "integrity": "sha512-QBmA/G2y+IfeS4oktet3qRZ+P5kPhCKRXxXnQEudYqUaEioAU1/Lq2us3D/t1Jfo4hE9REQPrbB7K5sOczJVIw=="
    },
    "mime-types": {
      "version": "2.1.30",
      "resolved": "https://registry.npmjs.org/mime-types/-/mime-types-2.1.30.tgz",
      "integrity": "sha512-crmjA4bLtR8m9qLpHvgxSChT+XoSlZi8J4n/aIdn3z92e/U47Z0V/yl+Wh9W046GgFVAmoNR/fmdbZYcSSIUeg==",
      "requires": {
        "mime-db": "1.47.0"
      }
    },
    "node-forge": {
      "version": "0.10.0",
      "resolved": "https://registry.npmjs.org/node-forge/-/node-forge-0.10.0.tgz",
      "integrity": "sha512-PPmu8eEeG9saEUvI97fm4OYxXVB6bFvyNTyiUOBichBpFG8A1Ljw3bY62+5oOjDEMHRnd0Y7HQ+x7uzxOzC6JA=="
    },
    "node-kakao": {
      "version": "4.2.1",
      "resolved": "https://registry.npmjs.org/node-kakao/-/node-kakao-4.2.1.tgz",
      "integrity": "sha512-TZhajFDoWlLhiYrJQTJwgkq4lmVZs6xqb08n5U0cCTGlOMWgl1vQMRK/M2MiKSTCJNBqbUm1RrZpbCNa00FZvQ==",
      "requires": {
        "axios": "^0.21.1",
        "bson": "^4.2.2",
        "eventemitter3": "^4.0.7",
        "form-data": "^4.0.0",
        "hash-wasm": "^4.4.1",
        "lossless-json": "^1.0.3",
        "node-forge": "^0.10.0",
        "promise-socket": "^7.0.0"
      }
    },
    "promise-duplex": {
      "version": "6.0.0",
      "resolved": "https://registry.npmjs.org/promise-duplex/-/promise-duplex-6.0.0.tgz",
      "integrity": "sha512-ZL7rquzjTFzInDBeWYcsT+qddolNvzigahk6MI6qLSbQvlyRRCJkU3JztgaVunzvkH28smRa2Qu/cY9RXtSkgA==",
      "requires": {
        "core-js": "^3.6.5",
        "promise-readable": "^6.0.0",
        "promise-writable": "^6.0.0"
      }
    },
    "promise-readable": {
      "version": "6.0.0",
      "resolved": "https://registry.npmjs.org/promise-readable/-/promise-readable-6.0.0.tgz",
      "integrity": "sha512-5NxtmUswijvX5cAM0zPSy6yiCXH/eKBpiiBq6JfAUrmngMquMbzcBhF2qA+ocs4rYYKdvAfv3cOvZxADLtL1CA==",
      "requires": {
        "core-js": "^3.6.5"
      }
    },
    "promise-socket": {
      "version": "7.0.0",
      "resolved": "https://registry.npmjs.org/promise-socket/-/promise-socket-7.0.0.tgz",
      "integrity": "sha512-Oic9BrxmcHOPEnzKp2Js+ehFyvsbd0WxsE5khweCTHuRvdzbXjHUZmSDT6F9TW8SIkAJ0lCzoHjMYnb0WQJPiw==",
      "requires": {
        "promise-duplex": "^6.0.0",
        "tslib": "^2.0.1"
      }
    },
    "promise-writable": {
      "version": "6.0.0",
      "resolved": "https://registry.npmjs.org/promise-writable/-/promise-writable-6.0.0.tgz",
      "integrity": "sha512-b81zre/itgJFS7dwWzIdKNVVqvLiUxYRS/wolUB0H1YY/tAaS146XGKa4Q/5wCbsnXLyn0MCeV6f8HHe4iUHLg=="
    },
    "tslib": {
      "version": "2.2.0",
      "resolved": "https://registry.npmjs.org/tslib/-/tslib-2.2.0.tgz",
      "integrity": "sha512-gS9GVHRU+RGn5KQM2rllAlR3dU6m7AcpJKdtH8gFvQiC4Otgk98XnmMU+nZenHt/+VhnBPWwgrJsyrdcw6i23w=="
    }
  }
}
